// !$*UTF8*$!
{
	archiveVersion = 1;
	classes = {
	};
	objectVersion = 50;
	objects = {

/* Begin PBXBuildFile section */
		E84977F5225E407D00D39D25 /* AppDelegate.m in Sources */ = {isa = PBXBuildFile; fileRef = E84977F4225E407D00D39D25 /* AppDelegate.m */; };
		E84977F8225E407D00D39D25 /* ViewController.m in Sources */ = {isa = PBXBuildFile; fileRef = E84977F7225E407D00D39D25 /* ViewController.m */; };
		E84977FB225E407D00D39D25 /* Main.storyboard in Resources */ = {isa = PBXBuildFile; fileRef = E84977F9225E407D00D39D25 /* Main.storyboard */; };
		E84977FD225E407E00D39D25 /* Assets.xcassets in Resources */ = {isa = PBXBuildFile; fileRef = E84977FC225E407E00D39D25 /* Assets.xcassets */; };
		E8497800225E407E00D39D25 /* LaunchScreen.storyboard in Resources */ = {isa = PBXBuildFile; fileRef = E84977FE225E407E00D39D25 /* LaunchScreen.storyboard */; };
		E8497803225E407E00D39D25 /* main.m in Sources */ = {isa = PBXBuildFile; fileRef = E8497802225E407E00D39D25 /* main.m */; };
		E8BE8E7D22660C86007EF387 /* SIUIKit.framework in Frameworks */ = {isa = PBXBuildFile; fileRef = E8BE8E7C22660C86007EF387 /* SIUIKit.framework */; };
/* End PBXBuildFile section */

/* Begin PBXFileReference section */
		E84977F0225E407D00D39D25 /* SIShadowView.app */ = {isa = PBXFileReference; explicitFileType = wrapper.application; includeInIndex = 0; path = SIShadowView.app; sourceTree = BUILT_PRODUCTS_DIR; };
		E84977F3225E407D00D39D25 /* AppDelegate.h */ = {isa = PBXFileReference; lastKnownFileType = sourcecode.c.h; path = AppDelegate.h; sourceTree = "<group>"; };
		E84977F4225E407D00D39D25 /* AppDelegate.m */ = {isa = PBXFileReference; lastKnownFileType = sourcecode.c.objc; path = AppDelegate.m; sourceTree = "<group>"; };
		E84977F6225E407D00D39D25 /* ViewController.h */ = {isa = PBXFileReference; lastKnownFileType = sourcecode.c.h; path = ViewController.h; sourceTree = "<group>"; };
		E84977F7225E407D00D39D25 /* ViewController.m */ = {isa = PBXFileReference; lastKnownFileType = sourcecode.c.objc; path = ViewController.m; sourceTree = "<group>"; };
		E84977FA225E407D00D39D25 /* Base */ = {isa = PBXFileReference; lastKnownFileType = file.storyboard; name = Base; path = Base.lproj/Main.storyboard; sourceTree = "<group>"; };
		E84977FC225E407E00D39D25 /* Assets.xcassets */ = {isa = PBXFileReference; lastKnownFileType = folder.assetcatalog; path = Assets.xcassets; sourceTree = "<group>"; };
		E84977FF225E407E00D39D25 /* Base */ = {isa = PBXFileReference; lastKnownFileType = file.storyboard; name = Base; path = Base.lproj/LaunchScreen.storyboard; sourceTree = "<group>"; };
		E8497801225E407E00D39D25 /* Info.plist */ = {isa = PBXFileReference; lastKnownFileType = text.plist.xml; path = Info.plist; sourceTree = "<group>"; };
		E8497802225E407E00D39D25 /* main.m */ = {isa = PBXFileReference; lastKnownFileType = sourcecode.c.objc; path = main.m; sourceTree = "<group>"; };
		E8AB17362262022500C2A230 /* SIUIKit.framework */ = {isa = PBXFileReference; explicitFileType = wrapper.framework; path = SIUIKit.framework; sourceTree = BUILT_PRODUCTS_DIR; };
		E8BE8E7C22660C86007EF387 /* SIUIKit.framework */ = {isa = PBXFileReference; explicitFileType = wrapper.framework; path = SIUIKit.framework; sourceTree = BUILT_PRODUCTS_DIR; };
/* End PBXFileReference section */

/* Begin PBXFrameworksBuildPhase section */
		E84977ED225E407D00D39D25 /* Frameworks */ = {
			isa = PBXFrameworksBuildPhase;
			buildActionMask = 2147483647;
			files = (
				E8BE8E7D22660C86007EF387 /* SIUIKit.framework in Frameworks */,
			);
			runOnlyForDeploymentPostprocessing = 0;
		};
/* End PBXFrameworksBuildPhase section */

/* Begin PBXGroup section */
		E84977E7225E407D00D39D25 = {
			isa = PBXGroup;
			children = (
				E84977F2225E407D00D39D25 /* SIShadowView */,
				E84977F1225E407D00D39D25 /* Products */,
				E8A0BEBF2261E00C004F5764 /* Frameworks */,
			);
			sourceTree = "<group>";
		};
		E84977F1225E407D00D39D25 /* Products */ = {
			isa = PBXGroup;
			children = (
				E84977F0225E407D00D39D25 /* SIShadowView.app */,
			);
			name = Products;
			sourceTree = "<group>";
		};
		E84977F2225E407D00D39D25 /* SIShadowView */ = {
			isa = PBXGroup;
			children = (
				E84977F3225E407D00D39D25 /* AppDelegate.h */,
				E84977F4225E407D00D39D25 /* AppDelegate.m */,
				E84977F6225E407D00D39D25 /* ViewController.h */,
				E84977F7225E407D00D39D25 /* ViewController.m */,
				E84977F9225E407D00D39D25 /* Main.storyboard */,
				E84977FC225E407E00D39D25 /* Assets.xcassets */,
				E84977FE225E407E00D39D25 /* LaunchScreen.storyboard */,
				E8497801225E407E00D39D25 /* Info.plist */,
				E8497802225E407E00D39D25 /* main.m */,
			);
			path = SIShadowView;
			sourceTree = "<group>";
		};
		E8A0BEBF2261E00C004F5764 /* Frameworks */ = {
			isa = PBXGroup;
			children = (
				E8BE8E7C22660C86007EF387 /* SIUIKit.framework */,
				E8AB17362262022500C2A230 /* SIUIKit.framework */,
			);
			name = Frameworks;
			sourceTree = "<group>";
		};
/* End PBXGroup section */

/* Begin PBXNativeTarget section */
		E84977EF225E407D00D39D25 /* SIShadowView */ = {
			isa = PBXNativeTarget;
			buildConfigurationList = E8497806225E407E00D39D25 /* Build configuration list for PBXNativeTarget "SIShadowView" */;
			buildPhases = (
				E84977EC225E407D00D39D25 /* Sources */,
				E84977ED225E407D00D39D25 /* Frameworks */,
				E84977EE225E407D00D39D25 /* Resources */,
			);
			buildRules = (
			);
			dependencies = (
			);
			name = SIShadowView;
			productName = SIShadowView;
			productReference = E84977F0225E407D00D39D25 /* SIShadowView.app */;
			productType = "com.apple.product-type.application";
		};
/* End PBXNativeTarget section */

/* Begin PBXProject section */
		E84977E8225E407D00D39D25 /* Project object */ = {
			isa = PBXProject;
			attributes = {
				LastUpgradeCheck = 1010;
				ORGANIZATIONNAME = Silence;
				TargetAttributes = {
					E84977EF225E407D00D39D25 = {
						CreatedOnToolsVersion = 10.1;
					};
				};
			};
			buildConfigurationList = E84977EB225E407D00D39D25 /* Build configuration list for PBXProject "SIShadowView" */;
			compatibilityVersion = "Xcode 9.3";
			developmentRegion = en;
			hasScannedForEncodings = 0;
			knownRegions = (
				en,
				Base,
			);
			mainGroup = E84977E7225E407D00D39D25;
			productRefGroup = E84977F1225E407D00D39D25 /* Products */;
			projectDirPath = "";
			projectRoot = "";
			targets = (
				E84977EF225E407D00D39D25 /* SIShadowView */,
			);
		};
/* End PBXProject section */

/* Begin PBXResourcesBuildPhase section */
		E84977EE225E407D00D39D25 /* Resources */ = {
			isa = PBXResourcesBuildPhase;
			buildActionMask = 2147483647;
			files = (
				E8497800225E407E00D39D25 /* LaunchScreen.storyboard in Resources */,
				E84977FD225E407E00D39D25 /* Assets.xcassets in Resources */,
				E84977FB225E407D00D39D25 /* Main.storyboard in Resources */,
			);
			runOnlyForDeploymentPostprocessing = 0;
		};
/* End PBXResourcesBuildPhase section */

/* Begin PBXSourcesBuildPhase section */
		E84977EC225E407D00D39D25 /* Sources */ = {
			isa = PBXSourcesBuildPhase;
			buildActionMask = 2147483647;
			files = (
				E84977F8225E407D00D39D25 /* ViewController.m in Sources */,
				E8497803225E407E00D39D25 /* main.m in Sources */,
				E84977F5225E407D00D39D25 /* AppDelegate.m in Sources */,
			);
			runOnlyForDeploymentPostprocessing = 0;
		};
/* End PBXSourcesBuildPhase section */

/* Begin PBXVariantGroup section */
		E84977F9225E407D00D39D25 /* Main.storyboard */ = {
			isa = PBXVariantGroup;
			children = (
				E84977FA225E407D00D39D25 /* Base */,
			);
			name = Main.storyboard;
			sourceTree = "<group>";
		};
		E84977FE225E407E00D39D25 /* LaunchScreen.storyboard */ = {
			isa = PBXVariantGroup;
			children = (
				E84977FF225E407E00D39D25 /* Base */,
			);
			name = LaunchScreen.storyboard;
			sourceTree = "<group>";
		};
/* End PBXVariantGroup section */

/* Begin XCBuildConfiguration section */
		E8497804225E407E00D39D25 /* Debug */ = {
			isa = XCBuildConfiguration;
			buildSettings = {
				ALWAYS_SEARCH_USER_PATHS = NO;
				CLANG_ANALYZER_NONNULL = YES;
				CLANG_ANALYZER_NUMBER_OBJECT_CONVERSION = YES_AGGRESSIVE;
				CLANG_CXX_LANGUAGE_STANDARD = "gnu++14";
				CLANG_CXX_LIBRARY = "libc++";
				CLANG_ENABLE_MODULES = YES;
				CLANG_ENABLE_OBJC_ARC = YES;
				CLANG_ENABLE_OBJC_WEAK = YES;
				CLANG_WARN_BLOCK_CAPTURE_AUTORELEASING = YES;
				CLANG_WARN_BOOL_CONVERSION = YES;
				CLANG_WARN_COMMA = YES;
				CLANG_WARN_CONSTANT_CONVERSION = YES;
				CLANG_WARN_DEPRECATED_OBJC_IMPLEMENTATIONS = YES;
				CLANG_WARN_DIRECT_OBJC_ISA_USAGE = YES_ERROR;
				CLANG_WARN_DOCUMENTATION_COMMENTS = YES;
				CLANG_WARN_EMPTY_BODY = YES;
				CLANG_WARN_ENUM_CONVERSION = YES;
				CLANG_WARN_INFINITE_RECURSION = YES;
				CLANG_WARN_INT_CONVERSION = YES;
				CLANG_WARN_NON_LITERAL_NULL_CONVERSION = YES;
				CLANG_WARN_OBJC_IMPLICIT_RETAIN_SELF = YES;
				CLANG_WARN_OBJC_LITERAL_CONVERSION = YES;
				CLANG_WARN_OBJC_ROOT_CLASS = YES_ERROR;
				CLANG_WARN_RANGE_LOOP_ANALYSIS = YES;
				CLANG_WARN_STRICT_PROTOTYPES = YES;
				CLANG_WARN_SUSPICIOUS_MOVE = YES;
				CLANG_WARN_UNGUARDED_AVAILABILITY = YES_AGGRESSIVE;
				CLANG_WARN_UNREACHABLE_CODE = YES;
				CLANG_WARN__DUPLICATE_METHOD_MATCH = YES;
				CODE_SIGN_IDENTITY = "iPhone Developer";
				COPY_PHASE_STRIP = NO;
				DEBUG_INFORMATION_FORMAT = dwarf;
				ENABLE_STRICT_OBJC_MSGSEND = YES;
				ENABLE_TESTABILITY = YES;
				GCC_C_LANGUAGE_STANDARD = gnu11;
				GCC_DYNAMIC_NO_PIC = NO;
				GCC_NO_COMMON_BLOCKS = YES;
				GCC_OPTIMIZATION_LEVEL = 0;
				GCC_PREPROCESSOR_DEFINITIONS = (
					"DEBUG=1",
					"$(inherited)",
				);
				GCC_WARN_64_TO_32_BIT_CONVERSION = YES;
				GCC_WARN_ABOUT_RETURN_TYPE = YES_ERROR;
				GCC_WARN_UNDECLARED_SELECTOR = YES;
				GCC_WARN_UNINITIALIZED_AUTOS = YES_AGGRESSIVE;
				GCC_WARN_UNUSED_FUNCTION = YES;
				GCC_WARN_UNUSED_VARIABLE = YES;
				IPHONEOS_DEPLOYMENT_TARGET = 12.1;
				MTL_ENABLE_DEBUG_INFO = INCLUDE_SOURCE;
				MTL_FAST_MATH = YES;
				ONLY_ACTIVE_ARCH = YES;
				SDKROOT = iphoneos;
			};
			name = Debug;
		};
		E8497805225E407E00D39D25 /* Release */ = {
			isa = XCBuildConfiguration;
			buildSettings = {
				ALWAYS_SEARCH_USER_PATHS = NO;
				CLANG_ANALYZER_NONNULL = YES;
				CLANG_ANALYZER_NUMBER_OBJECT_CONVERSION = YES_AGGRESSIVE;
				CLANG_CXX_LANGUAGE_STANDARD = "gnu++14";
				CLANG_CXX_LIBRARY = "libc++";
				CLANG_ENABLE_MODULES = YES;
				CLANG_ENABLE_OBJC_ARC = YES;
				CLANG_ENABLE_OBJC_WEAK = YES;
				CLANG_WARN_BLOCK_CAPTURE_AUTORELEASING = YES;
				CLANG_WARN_BOOL_CONVERSION = YES;
				CLANG_WARN_COMMA = YES;
				CLANG_WARN_CONSTANT_CONVERSION = YES;
				CLANG_WARN_DEPRECATED_OBJC_IMPLEMENTATIONS = YES;
				CLANG_WARN_DIRECT_OBJC_ISA_USAGE = YES_ERROR;
				CLANG_WARN_DOCUMENTATION_COMMENTS = YES;
				CLANG_WARN_EMPTY_BODY = YES;
				CLANG_WARN_ENUM_CONVERSION = YES;
				CLANG_WARN_INFINITE_RECURSION = YES;
				CLANG_WARN_INT_CONVERSION = YES;
				CLANG_WARN_NON_LITERAL_NULL_CONVERSION = YES;
				CLANG_WARN_OBJC_IMPLICIT_RETAIN_SELF = YES;
				CLANG_WARN_OBJC_LITERAL_CONVERSION = YES;
				CLANG_WARN_OBJC_ROOT_CLASS = YES_ERROR;
				CLANG_WARN_RANGE_LOOP_ANALYSIS = YES;
				CLANG_WARN_STRICT_PROTOTYPES = YES;
				CLANG_WARN_SUSPICIOUS_MOVE = YES;
				CLANG_WARN_UNGUARDED_AVAILABILITY = YES_AGGRESSIVE;
				CLANG_WARN_UNREACHABLE_CODE = YES;
				CLANG_WARN__DUPLICATE_METHOD_MATCH = YES;
				CODE_SIGN_IDENTITY = "iPhone Developer";
				COPY_PHASE_STRIP = NO;
				DEBUG_INFORMATION_FORMAT = "dwarf-with-dsym";
				ENABLE_NS_ASSERTIONS = NO;
				ENABLE_STRICT_OBJC_MSGSEND = YES;
				GCC_C_LANGUAGE_STANDARD = gnu11;
				GCC_NO_COMMON_BLOCKS = YES;
				GCC_WARN_64_TO_32_BIT_CONVERSION = YES;
				GCC_WARN_ABOUT_RETURN_TYPE = YES_ERROR;
				GCC_WARN_UNDECLARED_SELECTOR = YES;
				GCC_WARN_UNINITIALIZED_AUTOS = YES_AGGRESSIVE;
				GCC_WARN_UNUSED_FUNCTION = YES;
				GCC_WARN_UNUSED_VARIABLE = YES;
				IPHONEOS_DEPLOYMENT_TARGET = 12.1;
				MTL_ENABLE_DEBUG_INFO = NO;
				MTL_FAST_MATH = YES;
				SDKROOT = iphoneos;
				VALIDATE_PRODUCT = YES;
			};
			name = Release;
		};
		E8497807225E407E00D39D25 /* Debug */ = {
			isa = XCBuildConfiguration;
			buildSettings = {
				ASSETCATALOG_COMPILER_APPICON_NAME = AppIcon;
				CODE_SIGN_STYLE = Automatic;
				INFOPLIST_FILE = SIShadowView/Info.plist;
				LD_RUNPATH_SEARCH_PATHS = (
					"$(inherited)",
					"@executable_path/Frameworks",
				);
				PRODUCT_BUNDLE_IDENTIFIER = com.silence.SIShadowView;
				PRODUCT_NAME = "$(TARGET_NAME)";
				TARGETED_DEVICE_FAMILY = "1,2";
			};
			name = Debug;
		};
		E8497808225E407E00D39D25 /* Release */ = {
			isa = XCBuildConfiguration;
			buildSettings = {
				ASSETCATALOG_COMPILER_APPICON_NAME = AppIcon;
				CODE_SIGN_STYLE = Automatic;
				INFOPLIST_FILE = SIShadowView/Info.plist;
				LD_RUNPATH_SEARCH_PATHS = (
					"$(inherited)",
					"@executable_path/Frameworks",
				);
				PRODUCT_BUNDLE_IDENTIFIER = com.silence.SIShadowView;
				PRODUCT_NAME = "$(TARGET_NAME)";
				TARGETED_DEVICE_FAMILY = "1,2";
			};
			name = Release;
		};
/* End XCBuildConfiguration section */

/* Begin XCConfigurationList section */
		E84977EB225E407D00D39D25 /* Build configuration list for PBXProject "SIShadowView" */ = {
			isa = XCConfigurationList;
			buildConfigurations = (
				E8497804225E407E00D39D25 /* Debug */,
				E8497805225E407E00D39D25 /* Release */,
			);
			defaultConfigurationIsVisible = 0;
			defaultConfigurationName = Release;
		};
		E8497806225E407E00D39D25 /* Build configuration list for PBXNativeTarget "SIShadowView" */ = {
			isa = XCConfigurationList;
			buildConfigurations = (
				E8497807225E407E00D39D25 /* Debug */,
				E8497808225E407E00D39D25 /* Release */,
			);
			defaultConfigurationIsVisible = 0;
			defaultConfigurationName = Release;
		};
/* End XCConfigurationList section */
	};
	rootObject = E84977E8225E407D00D39D25 /* Project object */;
}
